
Microsoft Visual Studio Solution File, Format Version 12.00
# Visual Studio 2013
VisualStudioVersion = 12.0.31101.0
MinimumVisualStudioVersion = 10.0.40219.1
Project("{FAE04EC0-301F-11D3-BF4B-00C04F79EFBC}") = "ASP NET Project", "ASP NET Project\ASP NET Project.csproj", "{B23DDD39-4690-4BE0-ABE6-5668D5122E97}"
EndProject
Project("{FAE04EC0-301F-11D3-BF4B-00C04F79EFBC}") = "DataLayer", "DataLayer\DataLayer.csproj", "{F4318EAF-387B-44B0-94E9-7412F6C6A387}"
EndProject
Global
	GlobalSection(SolutionConfigurationPlatforms) = preSolution
		Debug|Any CPU = Debug|Any CPU
		Release|Any CPU = Release|Any CPU
	EndGlobalSection
	GlobalSection(ProjectConfigurationPlatforms) = postSolution
		{B23DDD39-4690-4BE0-ABE6-5668D5122E97}.Debug|Any CPU.ActiveCfg = Debug|Any CPU
		{B23DDD39-4690-4BE0-ABE6-5668D5122E97}.Debug|Any CPU.Build.0 = Debug|Any CPU
		{B23DDD39-4690-4BE0-ABE6-5668D5122E97}.Release|Any CPU.ActiveCfg = Release|Any CPU
		{B23DDD39-4690-4BE0-ABE6-5668D5122E97}.Release|Any CPU.Build.0 = Release|Any CPU
		{F4318EAF-387B-44B0-94E9-7412F6C6A387}.Debug|Any CPU.ActiveCfg = Debug|Any CPU
		{F4318EAF-387B-44B0-94E9-7412F6C6A387}.Debug|Any CPU.Build.0 = Debug|Any CPU
		{F4318EAF-387B-44B0-94E9-7412F6C6A387}.Release|Any CPU.ActiveCfg = Release|Any CPU
		{F4318EAF-387B-44B0-94E9-7412F6C6A387}.Release|Any CPU.Build.0 = Release|Any CPU
	EndGlobalSection
	GlobalSection(SolutionProperties) = preSolution
		HideSolutionNode = FALSE
	EndGlobalSection
EndGlobal
